
Microsoft Visual Studio Solution File, Format Version 12.00
Project("{FAE04EC0-301F-11D3-BF4B-00C04F79EFBC}") = "Rainbow", "Rainbow\Rainbow.csproj", "{B472F802-629F-4163-8E54-B2B11C94F6DA}"
EndProject
Global
	GlobalSection(SolutionConfigurationPlatforms) = preSolution
		Debug|Any CPU = Debug|Any CPU
		Release|Any CPU = Release|Any CPU
	EndGlobalSection
	GlobalSection(ProjectConfigurationPlatforms) = postSolution
		{B472F802-629F-4163-8E54-B2B11C94F6DA}.Debug|Any CPU.ActiveCfg = Debug|Any CPU
		{B472F802-629F-4163-8E54-B2B11C94F6DA}.Debug|Any CPU.Build.0 = Debug|Any CPU
		{B472F802-629F-4163-8E54-B2B11C94F6DA}.Release|Any CPU.ActiveCfg = Release|Any CPU
		{B472F802-629F-4163-8E54-B2B11C94F6DA}.Release|Any CPU.Build.0 = Release|Any CPU
	EndGlobalSection
EndGlobal
